
Microsoft Visual Studio Solution File, Format Version 11.00
# Visual Studio 2010
Project("{FAE04EC0-301F-11D3-BF4B-00C04F79EFBC}") = "Assembly-CSharp", "Assembly-CSharp.csproj", "{25a9d6c8-8857-053c-c54b-a68aa907a010}"
EndProject
Project("{FAE04EC0-301F-11D3-BF4B-00C04F79EFBC}") = "ReactiveDots.Tests", "ReactiveDots.Tests.csproj", "{2339b5c4-fe86-76c4-4cfd-ed02ba97bd8f}"
EndProject
Project("{FAE04EC0-301F-11D3-BF4B-00C04F79EFBC}") = "ReactiveDotsScriptsAssembly", "ReactiveDotsScriptsAssembly.csproj", "{fa6b15ce-532d-af89-09c4-e5a0277727d1}"
EndProject
Project("{FAE04EC0-301F-11D3-BF4B-00C04F79EFBC}") = "ReactiveDots.Tests.SecondAssembly", "ReactiveDots.Tests.SecondAssembly.csproj", "{2c5fc647-fe76-ade5-4620-808a3523941c}"
EndProject
Global
	GlobalSection(SolutionConfigurationPlatforms) = preSolution
		Debug|Any CPU = Debug|Any CPU
	EndGlobalSection
	GlobalSection(ProjectConfigurationPlatforms) = postSolution
		{25a9d6c8-8857-053c-c54b-a68aa907a010}.Debug|Any CPU.ActiveCfg = Debug|Any CPU
		{25a9d6c8-8857-053c-c54b-a68aa907a010}.Debug|Any CPU.Build.0 = Debug|Any CPU
		{2339b5c4-fe86-76c4-4cfd-ed02ba97bd8f}.Debug|Any CPU.ActiveCfg = Debug|Any CPU
		{2339b5c4-fe86-76c4-4cfd-ed02ba97bd8f}.Debug|Any CPU.Build.0 = Debug|Any CPU
		{fa6b15ce-532d-af89-09c4-e5a0277727d1}.Debug|Any CPU.ActiveCfg = Debug|Any CPU
		{fa6b15ce-532d-af89-09c4-e5a0277727d1}.Debug|Any CPU.Build.0 = Debug|Any CPU
		{2c5fc647-fe76-ade5-4620-808a3523941c}.Debug|Any CPU.ActiveCfg = Debug|Any CPU
		{2c5fc647-fe76-ade5-4620-808a3523941c}.Debug|Any CPU.Build.0 = Debug|Any CPU
	EndGlobalSection
	GlobalSection(SolutionProperties) = preSolution
		HideSolutionNode = FALSE
	EndGlobalSection
EndGlobal
